// !$*UTF8*$!
{
	archiveVersion = 1;
	classes = {
	};
	objectVersion = 50;
	objects = {

/* Begin PBXBuildFile section */
		33588D5822FE6F2B00443E01 /* HXPhotoImageManager.m in Sources */ = {isa = PBXBuildFile; fileRef = 33588D5722FE6F2B00443E01 /* HXPhotoImageManager.m */; };
		33588D5B22FE6F3B00443E01 /* HXImagePickerConfig.m in Sources */ = {isa = PBXBuildFile; fileRef = 33588D5A22FE6F3B00443E01 /* HXImagePickerConfig.m */; };
		33588D5E22FE717000443E01 /* HXImagePickerController.m in Sources */ = {isa = PBXBuildFile; fileRef = 33588D5D22FE717000443E01 /* HXImagePickerController.m */; };
		33588D6122FE938500443E01 /* HXAlbumListViewController.m in Sources */ = {isa = PBXBuildFile; fileRef = 33588D6022FE938500443E01 /* HXAlbumListViewController.m */; };
		33588D6422FE93A600443E01 /* HXImageListViewController.m in Sources */ = {isa = PBXBuildFile; fileRef = 33588D6322FE93A600443E01 /* HXImageListViewController.m */; };
		33588D6722FE93BA00443E01 /* HXImagePreviewViewController.m in Sources */ = {isa = PBXBuildFile; fileRef = 33588D6622FE93BA00443E01 /* HXImagePreviewViewController.m */; };
		33588D6A22FE93CA00443E01 /* HXImageClipViewController.m in Sources */ = {isa = PBXBuildFile; fileRef = 33588D6922FE93CA00443E01 /* HXImageClipViewController.m */; };
		33588D6D22FEB87F00443E01 /* HXImageCell.m in Sources */ = {isa = PBXBuildFile; fileRef = 33588D6C22FEB87F00443E01 /* HXImageCell.m */; };
		33588D7022FECB8C00443E01 /* HXAlbumCell.m in Sources */ = {isa = PBXBuildFile; fileRef = 33588D6F22FECB8C00443E01 /* HXAlbumCell.m */; };
		33588D7322FED73900443E01 /* HXSelectButton.m in Sources */ = {isa = PBXBuildFile; fileRef = 33588D7222FED73900443E01 /* HXSelectButton.m */; };
		33588D7622FFF8AF00443E01 /* HXImageNavigationView.m in Sources */ = {isa = PBXBuildFile; fileRef = 33588D7522FFF8AF00443E01 /* HXImageNavigationView.m */; };
		33588D79230002B200443E01 /* HXPreviewCell.m in Sources */ = {isa = PBXBuildFile; fileRef = 33588D78230002B200443E01 /* HXPreviewCell.m */; };
		33AAE45D22FE5D180022B5EF /* AppDelegate.m in Sources */ = {isa = PBXBuildFile; fileRef = 33AAE45C22FE5D180022B5EF /* AppDelegate.m */; };
		33AAE46022FE5D180022B5EF /* ViewController.m in Sources */ = {isa = PBXBuildFile; fileRef = 33AAE45F22FE5D180022B5EF /* ViewController.m */; };
		33AAE46322FE5D180022B5EF /* Main.storyboard in Resources */ = {isa = PBXBuildFile; fileRef = 33AAE46122FE5D180022B5EF /* Main.storyboard */; };
		33AAE46522FE5D1B0022B5EF /* Assets.xcassets in Resources */ = {isa = PBXBuildFile; fileRef = 33AAE46422FE5D1B0022B5EF /* Assets.xcassets */; };
		33AAE46822FE5D1B0022B5EF /* LaunchScreen.storyboard in Resources */ = {isa = PBXBuildFile; fileRef = 33AAE46622FE5D1B0022B5EF /* LaunchScreen.storyboard */; };
		33AAE46B22FE5D1B0022B5EF /* main.m in Sources */ = {isa = PBXBuildFile; fileRef = 33AAE46A22FE5D1B0022B5EF /* main.m */; };
		33AAE47722FE5DB70022B5EF /* HXImagePickerController.bundle in Resources */ = {isa = PBXBuildFile; fileRef = 33AAE47622FE5DB70022B5EF /* HXImagePickerController.bundle */; };
		33AAE47A22FE5DDC0022B5EF /* HXAlbumModel.m in Sources */ = {isa = PBXBuildFile; fileRef = 33AAE47922FE5DDC0022B5EF /* HXAlbumModel.m */; };
		33AAE47D22FE5DEC0022B5EF /* HXImageModel.m in Sources */ = {isa = PBXBuildFile; fileRef = 33AAE47C22FE5DEC0022B5EF /* HXImageModel.m */; };
/* End PBXBuildFile section */

/* Begin PBXFileReference section */
		33588D5622FE6F2B00443E01 /* HXPhotoImageManager.h */ = {isa = PBXFileReference; lastKnownFileType = sourcecode.c.h; path = HXPhotoImageManager.h; sourceTree = "<group>"; };
		33588D5722FE6F2B00443E01 /* HXPhotoImageManager.m */ = {isa = PBXFileReference; lastKnownFileType = sourcecode.c.objc; path = HXPhotoImageManager.m; sourceTree = "<group>"; };
		33588D5922FE6F3B00443E01 /* HXImagePickerConfig.h */ = {isa = PBXFileReference; lastKnownFileType = sourcecode.c.h; path = HXImagePickerConfig.h; sourceTree = "<group>"; };
		33588D5A22FE6F3B00443E01 /* HXImagePickerConfig.m */ = {isa = PBXFileReference; lastKnownFileType = sourcecode.c.objc; path = HXImagePickerConfig.m; sourceTree = "<group>"; };
		33588D5C22FE717000443E01 /* HXImagePickerController.h */ = {isa = PBXFileReference; lastKnownFileType = sourcecode.c.h; path = HXImagePickerController.h; sourceTree = "<group>"; };
		33588D5D22FE717000443E01 /* HXImagePickerController.m */ = {isa = PBXFileReference; lastKnownFileType = sourcecode.c.objc; path = HXImagePickerController.m; sourceTree = "<group>"; };
		33588D5F22FE938500443E01 /* HXAlbumListViewController.h */ = {isa = PBXFileReference; lastKnownFileType = sourcecode.c.h; path = HXAlbumListViewController.h; sourceTree = "<group>"; };
		33588D6022FE938500443E01 /* HXAlbumListViewController.m */ = {isa = PBXFileReference; lastKnownFileType = sourcecode.c.objc; path = HXAlbumListViewController.m; sourceTree = "<group>"; };
		33588D6222FE93A600443E01 /* HXImageListViewController.h */ = {isa = PBXFileReference; lastKnownFileType = sourcecode.c.h; path = HXImageListViewController.h; sourceTree = "<group>"; };
		33588D6322FE93A600443E01 /* HXImageListViewController.m */ = {isa = PBXFileReference; lastKnownFileType = sourcecode.c.objc; path = HXImageListViewController.m; sourceTree = "<group>"; };
		33588D6522FE93BA00443E01 /* HXImagePreviewViewController.h */ = {isa = PBXFileReference; lastKnownFileType = sourcecode.c.h; path = HXImagePreviewViewController.h; sourceTree = "<group>"; };
		33588D6622FE93BA00443E01 /* HXImagePreviewViewController.m */ = {isa = PBXFileReference; lastKnownFileType = sourcecode.c.objc; path = HXImagePreviewViewController.m; sourceTree = "<group>"; };
		33588D6822FE93CA00443E01 /* HXImageClipViewController.h */ = {isa = PBXFileReference; lastKnownFileType = sourcecode.c.h; path = HXImageClipViewController.h; sourceTree = "<group>"; };
		33588D6922FE93CA00443E01 /* HXImageClipViewController.m */ = {isa = PBXFileReference; lastKnownFileType = sourcecode.c.objc; path = HXImageClipViewController.m; sourceTree = "<group>"; };
		33588D6B22FEB87F00443E01 /* HXImageCell.h */ = {isa = PBXFileReference; lastKnownFileType = sourcecode.c.h; path = HXImageCell.h; sourceTree = "<group>"; };
		33588D6C22FEB87F00443E01 /* HXImageCell.m */ = {isa = PBXFileReference; lastKnownFileType = sourcecode.c.objc; path = HXImageCell.m; sourceTree = "<group>"; };
		33588D6E22FECB8C00443E01 /* HXAlbumCell.h */ = {isa = PBXFileReference; lastKnownFileType = sourcecode.c.h; path = HXAlbumCell.h; sourceTree = "<group>"; };
		33588D6F22FECB8C00443E01 /* HXAlbumCell.m */ = {isa = PBXFileReference; lastKnownFileType = sourcecode.c.objc; path = HXAlbumCell.m; sourceTree = "<group>"; };
		33588D7122FED73900443E01 /* HXSelectButton.h */ = {isa = PBXFileReference; lastKnownFileType = sourcecode.c.h; path = HXSelectButton.h; sourceTree = "<group>"; };
		33588D7222FED73900443E01 /* HXSelectButton.m */ = {isa = PBXFileReference; lastKnownFileType = sourcecode.c.objc; path = HXSelectButton.m; sourceTree = "<group>"; };
		33588D7422FFF8AF00443E01 /* HXImageNavigationView.h */ = {isa = PBXFileReference; lastKnownFileType = sourcecode.c.h; path = HXImageNavigationView.h; sourceTree = "<group>"; };
		33588D7522FFF8AF00443E01 /* HXImageNavigationView.m */ = {isa = PBXFileReference; lastKnownFileType = sourcecode.c.objc; path = HXImageNavigationView.m; sourceTree = "<group>"; };
		33588D77230002B200443E01 /* HXPreviewCell.h */ = {isa = PBXFileReference; lastKnownFileType = sourcecode.c.h; path = HXPreviewCell.h; sourceTree = "<group>"; };
		33588D78230002B200443E01 /* HXPreviewCell.m */ = {isa = PBXFileReference; lastKnownFileType = sourcecode.c.objc; path = HXPreviewCell.m; sourceTree = "<group>"; };
		33AAE45822FE5D180022B5EF /* HqIMagePickerController.app */ = {isa = PBXFileReference; explicitFileType = wrapper.application; includeInIndex = 0; path = HqIMagePickerController.app; sourceTree = BUILT_PRODUCTS_DIR; };
		33AAE45B22FE5D180022B5EF /* AppDelegate.h */ = {isa = PBXFileReference; lastKnownFileType = sourcecode.c.h; path = AppDelegate.h; sourceTree = "<group>"; };
		33AAE45C22FE5D180022B5EF /* AppDelegate.m */ = {isa = PBXFileReference; lastKnownFileType = sourcecode.c.objc; path = AppDelegate.m; sourceTree = "<group>"; };
		33AAE45E22FE5D180022B5EF /* ViewController.h */ = {isa = PBXFileReference; lastKnownFileType = sourcecode.c.h; path = ViewController.h; sourceTree = "<group>"; };
		33AAE45F22FE5D180022B5EF /* ViewController.m */ = {isa = PBXFileReference; lastKnownFileType = sourcecode.c.objc; path = ViewController.m; sourceTree = "<group>"; };
		33AAE46222FE5D180022B5EF /* Base */ = {isa = PBXFileReference; lastKnownFileType = file.storyboard; name = Base; path = Base.lproj/Main.storyboard; sourceTree = "<group>"; };
		33AAE46422FE5D1B0022B5EF /* Assets.xcassets */ = {isa = PBXFileReference; lastKnownFileType = folder.assetcatalog; path = Assets.xcassets; sourceTree = "<group>"; };
		33AAE46722FE5D1B0022B5EF /* Base */ = {isa = PBXFileReference; lastKnownFileType = file.storyboard; name = Base; path = Base.lproj/LaunchScreen.storyboard; sourceTree = "<group>"; };
		33AAE46922FE5D1B0022B5EF /* Info.plist */ = {isa = PBXFileReference; lastKnownFileType = text.plist.xml; path = Info.plist; sourceTree = "<group>"; };
		33AAE46A22FE5D1B0022B5EF /* main.m */ = {isa = PBXFileReference; lastKnownFileType = sourcecode.c.objc; path = main.m; sourceTree = "<group>"; };
		33AAE47622FE5DB70022B5EF /* HXImagePickerController.bundle */ = {isa = PBXFileReference; lastKnownFileType = "wrapper.plug-in"; path = HXImagePickerController.bundle; sourceTree = "<group>"; };
		33AAE47822FE5DDC0022B5EF /* HXAlbumModel.h */ = {isa = PBXFileReference; lastKnownFileType = sourcecode.c.h; path = HXAlbumModel.h; sourceTree = "<group>"; };
		33AAE47922FE5DDC0022B5EF /* HXAlbumModel.m */ = {isa = PBXFileReference; lastKnownFileType = sourcecode.c.objc; path = HXAlbumModel.m; sourceTree = "<group>"; };
		33AAE47B22FE5DEC0022B5EF /* HXImageModel.h */ = {isa = PBXFileReference; lastKnownFileType = sourcecode.c.h; path = HXImageModel.h; sourceTree = "<group>"; };
		33AAE47C22FE5DEC0022B5EF /* HXImageModel.m */ = {isa = PBXFileReference; lastKnownFileType = sourcecode.c.objc; path = HXImageModel.m; sourceTree = "<group>"; };
/* End PBXFileReference section */

/* Begin PBXFrameworksBuildPhase section */
		33AAE45522FE5D180022B5EF /* Frameworks */ = {
			isa = PBXFrameworksBuildPhase;
			buildActionMask = 2147483647;
			files = (
			);
			runOnlyForDeploymentPostprocessing = 0;
		};
/* End PBXFrameworksBuildPhase section */

/* Begin PBXGroup section */
		33AAE44F22FE5D180022B5EF = {
			isa = PBXGroup;
			children = (
				33AAE45A22FE5D180022B5EF /* HqIMagePickerController */,
				33AAE45922FE5D180022B5EF /* Products */,
			);
			sourceTree = "<group>";
		};
		33AAE45922FE5D180022B5EF /* Products */ = {
			isa = PBXGroup;
			children = (
				33AAE45822FE5D180022B5EF /* HqIMagePickerController.app */,
			);
			name = Products;
			sourceTree = "<group>";
		};
		33AAE45A22FE5D180022B5EF /* HqIMagePickerController */ = {
			isa = PBXGroup;
			children = (
				33AAE47122FE5D690022B5EF /* HXImagePickerController */,
				33AAE45B22FE5D180022B5EF /* AppDelegate.h */,
				33AAE45C22FE5D180022B5EF /* AppDelegate.m */,
				33AAE45E22FE5D180022B5EF /* ViewController.h */,
				33AAE45F22FE5D180022B5EF /* ViewController.m */,
				33AAE46122FE5D180022B5EF /* Main.storyboard */,
				33AAE46422FE5D1B0022B5EF /* Assets.xcassets */,
				33AAE46622FE5D1B0022B5EF /* LaunchScreen.storyboard */,
				33AAE46922FE5D1B0022B5EF /* Info.plist */,
				33AAE46A22FE5D1B0022B5EF /* main.m */,
			);
			path = HqIMagePickerController;
			sourceTree = "<group>";
		};
		33AAE47122FE5D690022B5EF /* HXImagePickerController */ = {
			isa = PBXGroup;
			children = (
				33AAE47622FE5DB70022B5EF /* HXImagePickerController.bundle */,
				33AAE47522FE5D9B0022B5EF /* Helpers */,
				33AAE47422FE5D940022B5EF /* Models */,
				33AAE47322FE5D8E0022B5EF /* Views */,
				33AAE47222FE5D810022B5EF /* Controllers */,
			);
			path = HXImagePickerController;
			sourceTree = "<group>";
		};
		33AAE47222FE5D810022B5EF /* Controllers */ = {
			isa = PBXGroup;
			children = (
				33588D5C22FE717000443E01 /* HXImagePickerController.h */,
				33588D5D22FE717000443E01 /* HXImagePickerController.m */,
				33588D5F22FE938500443E01 /* HXAlbumListViewController.h */,
				33588D6022FE938500443E01 /* HXAlbumListViewController.m */,
				33588D6222FE93A600443E01 /* HXImageListViewController.h */,
				33588D6322FE93A600443E01 /* HXImageListViewController.m */,
				33588D6522FE93BA00443E01 /* HXImagePreviewViewController.h */,
				33588D6622FE93BA00443E01 /* HXImagePreviewViewController.m */,
				33588D6822FE93CA00443E01 /* HXImageClipViewController.h */,
				33588D6922FE93CA00443E01 /* HXImageClipViewController.m */,
			);
			path = Controllers;
			sourceTree = "<group>";
		};
		33AAE47322FE5D8E0022B5EF /* Views */ = {
			isa = PBXGroup;
			children = (
				33588D6B22FEB87F00443E01 /* HXImageCell.h */,
				33588D6C22FEB87F00443E01 /* HXImageCell.m */,
				33588D6E22FECB8C00443E01 /* HXAlbumCell.h */,
				33588D6F22FECB8C00443E01 /* HXAlbumCell.m */,
				33588D7122FED73900443E01 /* HXSelectButton.h */,
				33588D7222FED73900443E01 /* HXSelectButton.m */,
				33588D7422FFF8AF00443E01 /* HXImageNavigationView.h */,
				33588D7522FFF8AF00443E01 /* HXImageNavigationView.m */,
				33588D77230002B200443E01 /* HXPreviewCell.h */,
				33588D78230002B200443E01 /* HXPreviewCell.m */,
			);
			path = Views;
			sourceTree = "<group>";
		};
		33AAE47422FE5D940022B5EF /* Models */ = {
			isa = PBXGroup;
			children = (
				33AAE47822FE5DDC0022B5EF /* HXAlbumModel.h */,
				33AAE47922FE5DDC0022B5EF /* HXAlbumModel.m */,
				33AAE47B22FE5DEC0022B5EF /* HXImageModel.h */,
				33AAE47C22FE5DEC0022B5EF /* HXImageModel.m */,
			);
			path = Models;
			sourceTree = "<group>";
		};
		33AAE47522FE5D9B0022B5EF /* Helpers */ = {
			isa = PBXGroup;
			children = (
				33588D5622FE6F2B00443E01 /* HXPhotoImageManager.h */,
				33588D5722FE6F2B00443E01 /* HXPhotoImageManager.m */,
				33588D5922FE6F3B00443E01 /* HXImagePickerConfig.h */,
				33588D5A22FE6F3B00443E01 /* HXImagePickerConfig.m */,
			);
			path = Helpers;
			sourceTree = "<group>";
		};
/* End PBXGroup section */

/* Begin PBXNativeTarget section */
		33AAE45722FE5D180022B5EF /* HqIMagePickerController */ = {
			isa = PBXNativeTarget;
			buildConfigurationList = 33AAE46E22FE5D1B0022B5EF /* Build configuration list for PBXNativeTarget "HqIMagePickerController" */;
			buildPhases = (
				33AAE45422FE5D180022B5EF /* Sources */,
				33AAE45522FE5D180022B5EF /* Frameworks */,
				33AAE45622FE5D180022B5EF /* Resources */,
			);
			buildRules = (
			);
			dependencies = (
			);
			name = HqIMagePickerController;
			productName = HqIMagePickerController;
			productReference = 33AAE45822FE5D180022B5EF /* HqIMagePickerController.app */;
			productType = "com.apple.product-type.application";
		};
/* End PBXNativeTarget section */

/* Begin PBXProject section */
		33AAE45022FE5D180022B5EF /* Project object */ = {
			isa = PBXProject;
			attributes = {
				LastUpgradeCheck = 1020;
				ORGANIZATIONNAME = hehuiqi;
				TargetAttributes = {
					33AAE45722FE5D180022B5EF = {
						CreatedOnToolsVersion = 10.2.1;
					};
				};
			};
			buildConfigurationList = 33AAE45322FE5D180022B5EF /* Build configuration list for PBXProject "HqIMagePickerController" */;
			compatibilityVersion = "Xcode 9.3";
			developmentRegion = en;
			hasScannedForEncodings = 0;
			knownRegions = (
				en,
				Base,
			);
			mainGroup = 33AAE44F22FE5D180022B5EF;
			productRefGroup = 33AAE45922FE5D180022B5EF /* Products */;
			projectDirPath = "";
			projectRoot = "";
			targets = (
				33AAE45722FE5D180022B5EF /* HqIMagePickerController */,
			);
		};
/* End PBXProject section */

/* Begin PBXResourcesBuildPhase section */
		33AAE45622FE5D180022B5EF /* Resources */ = {
			isa = PBXResourcesBuildPhase;
			buildActionMask = 2147483647;
			files = (
				33AAE46822FE5D1B0022B5EF /* LaunchScreen.storyboard in Resources */,
				33AAE46522FE5D1B0022B5EF /* Assets.xcassets in Resources */,
				33AAE46322FE5D180022B5EF /* Main.storyboard in Resources */,
				33AAE47722FE5DB70022B5EF /* HXImagePickerController.bundle in Resources */,
			);
			runOnlyForDeploymentPostprocessing = 0;
		};
/* End PBXResourcesBuildPhase section */

/* Begin PBXSourcesBuildPhase section */
		33AAE45422FE5D180022B5EF /* Sources */ = {
			isa = PBXSourcesBuildPhase;
			buildActionMask = 2147483647;
			files = (
				33588D7622FFF8AF00443E01 /* HXImageNavigationView.m in Sources */,
				33588D6D22FEB87F00443E01 /* HXImageCell.m in Sources */,
				33588D6A22FE93CA00443E01 /* HXImageClipViewController.m in Sources */,
				33588D5B22FE6F3B00443E01 /* HXImagePickerConfig.m in Sources */,
				33588D5E22FE717000443E01 /* HXImagePickerController.m in Sources */,
				33588D5822FE6F2B00443E01 /* HXPhotoImageManager.m in Sources */,
				33588D7022FECB8C00443E01 /* HXAlbumCell.m in Sources */,
				33588D7322FED73900443E01 /* HXSelectButton.m in Sources */,
				33588D79230002B200443E01 /* HXPreviewCell.m in Sources */,
				33AAE46022FE5D180022B5EF /* ViewController.m in Sources */,
				33588D6422FE93A600443E01 /* HXImageListViewController.m in Sources */,
				33588D6722FE93BA00443E01 /* HXImagePreviewViewController.m in Sources */,
				33588D6122FE938500443E01 /* HXAlbumListViewController.m in Sources */,
				33AAE46B22FE5D1B0022B5EF /* main.m in Sources */,
				33AAE45D22FE5D180022B5EF /* AppDelegate.m in Sources */,
				33AAE47A22FE5DDC0022B5EF /* HXAlbumModel.m in Sources */,
				33AAE47D22FE5DEC0022B5EF /* HXImageModel.m in Sources */,
			);
			runOnlyForDeploymentPostprocessing = 0;
		};
/* End PBXSourcesBuildPhase section */

/* Begin PBXVariantGroup section */
		33AAE46122FE5D180022B5EF /* Main.storyboard */ = {
			isa = PBXVariantGroup;
			children = (
				33AAE46222FE5D180022B5EF /* Base */,
			);
			name = Main.storyboard;
			sourceTree = "<group>";
		};
		33AAE46622FE5D1B0022B5EF /* LaunchScreen.storyboard */ = {
			isa = PBXVariantGroup;
			children = (
				33AAE46722FE5D1B0022B5EF /* Base */,
			);
			name = LaunchScreen.storyboard;
			sourceTree = "<group>";
		};
/* End PBXVariantGroup section */

/* Begin XCBuildConfiguration section */
		33AAE46C22FE5D1B0022B5EF /* Debug */ = {
			isa = XCBuildConfiguration;
			buildSettings = {
				ALWAYS_SEARCH_USER_PATHS = NO;
				CLANG_ANALYZER_NONNULL = YES;
				CLANG_ANALYZER_NUMBER_OBJECT_CONVERSION = YES_AGGRESSIVE;
				CLANG_CXX_LANGUAGE_STANDARD = "gnu++14";
				CLANG_CXX_LIBRARY = "libc++";
				CLANG_ENABLE_MODULES = YES;
				CLANG_ENABLE_OBJC_ARC = YES;
				CLANG_ENABLE_OBJC_WEAK = YES;
				CLANG_WARN_BLOCK_CAPTURE_AUTORELEASING = YES;
				CLANG_WARN_BOOL_CONVERSION = YES;
				CLANG_WARN_COMMA = YES;
				CLANG_WARN_CONSTANT_CONVERSION = YES;
				CLANG_WARN_DEPRECATED_OBJC_IMPLEMENTATIONS = YES;
				CLANG_WARN_DIRECT_OBJC_ISA_USAGE = YES_ERROR;
				CLANG_WARN_DOCUMENTATION_COMMENTS = YES;
				CLANG_WARN_EMPTY_BODY = YES;
				CLANG_WARN_ENUM_CONVERSION = YES;
				CLANG_WARN_INFINITE_RECURSION = YES;
				CLANG_WARN_INT_CONVERSION = YES;
				CLANG_WARN_NON_LITERAL_NULL_CONVERSION = YES;
				CLANG_WARN_OBJC_IMPLICIT_RETAIN_SELF = YES;
				CLANG_WARN_OBJC_LITERAL_CONVERSION = YES;
				CLANG_WARN_OBJC_ROOT_CLASS = YES_ERROR;
				CLANG_WARN_RANGE_LOOP_ANALYSIS = YES;
				CLANG_WARN_STRICT_PROTOTYPES = YES;
				CLANG_WARN_SUSPICIOUS_MOVE = YES;
				CLANG_WARN_UNGUARDED_AVAILABILITY = YES_AGGRESSIVE;
				CLANG_WARN_UNREACHABLE_CODE = YES;
				CLANG_WARN__DUPLICATE_METHOD_MATCH = YES;
				CODE_SIGN_IDENTITY = "iPhone Developer";
				COPY_PHASE_STRIP = NO;
				DEBUG_INFORMATION_FORMAT = dwarf;
				ENABLE_STRICT_OBJC_MSGSEND = YES;
				ENABLE_TESTABILITY = YES;
				GCC_C_LANGUAGE_STANDARD = gnu11;
				GCC_DYNAMIC_NO_PIC = NO;
				GCC_NO_COMMON_BLOCKS = YES;
				GCC_OPTIMIZATION_LEVEL = 0;
				GCC_PREPROCESSOR_DEFINITIONS = (
					"DEBUG=1",
					"$(inherited)",
				);
				GCC_WARN_64_TO_32_BIT_CONVERSION = YES;
				GCC_WARN_ABOUT_RETURN_TYPE = YES_ERROR;
				GCC_WARN_UNDECLARED_SELECTOR = YES;
				GCC_WARN_UNINITIALIZED_AUTOS = YES_AGGRESSIVE;
				GCC_WARN_UNUSED_FUNCTION = YES;
				GCC_WARN_UNUSED_VARIABLE = YES;
				IPHONEOS_DEPLOYMENT_TARGET = 12.2;
				MTL_ENABLE_DEBUG_INFO = INCLUDE_SOURCE;
				MTL_FAST_MATH = YES;
				ONLY_ACTIVE_ARCH = YES;
				SDKROOT = iphoneos;
			};
			name = Debug;
		};
		33AAE46D22FE5D1B0022B5EF /* Release */ = {
			isa = XCBuildConfiguration;
			buildSettings = {
				ALWAYS_SEARCH_USER_PATHS = NO;
				CLANG_ANALYZER_NONNULL = YES;
				CLANG_ANALYZER_NUMBER_OBJECT_CONVERSION = YES_AGGRESSIVE;
				CLANG_CXX_LANGUAGE_STANDARD = "gnu++14";
				CLANG_CXX_LIBRARY = "libc++";
				CLANG_ENABLE_MODULES = YES;
				CLANG_ENABLE_OBJC_ARC = YES;
				CLANG_ENABLE_OBJC_WEAK = YES;
				CLANG_WARN_BLOCK_CAPTURE_AUTORELEASING = YES;
				CLANG_WARN_BOOL_CONVERSION = YES;
				CLANG_WARN_COMMA = YES;
				CLANG_WARN_CONSTANT_CONVERSION = YES;
				CLANG_WARN_DEPRECATED_OBJC_IMPLEMENTATIONS = YES;
				CLANG_WARN_DIRECT_OBJC_ISA_USAGE = YES_ERROR;
				CLANG_WARN_DOCUMENTATION_COMMENTS = YES;
				CLANG_WARN_EMPTY_BODY = YES;
				CLANG_WARN_ENUM_CONVERSION = YES;
				CLANG_WARN_INFINITE_RECURSION = YES;
				CLANG_WARN_INT_CONVERSION = YES;
				CLANG_WARN_NON_LITERAL_NULL_CONVERSION = YES;
				CLANG_WARN_OBJC_IMPLICIT_RETAIN_SELF = YES;
				CLANG_WARN_OBJC_LITERAL_CONVERSION = YES;
				CLANG_WARN_OBJC_ROOT_CLASS = YES_ERROR;
				CLANG_WARN_RANGE_LOOP_ANALYSIS = YES;
				CLANG_WARN_STRICT_PROTOTYPES = YES;
				CLANG_WARN_SUSPICIOUS_MOVE = YES;
				CLANG_WARN_UNGUARDED_AVAILABILITY = YES_AGGRESSIVE;
				CLANG_WARN_UNREACHABLE_CODE = YES;
				CLANG_WARN__DUPLICATE_METHOD_MATCH = YES;
				CODE_SIGN_IDENTITY = "iPhone Developer";
				COPY_PHASE_STRIP = NO;
				DEBUG_INFORMATION_FORMAT = "dwarf-with-dsym";
				ENABLE_NS_ASSERTIONS = NO;
				ENABLE_STRICT_OBJC_MSGSEND = YES;
				GCC_C_LANGUAGE_STANDARD = gnu11;
				GCC_NO_COMMON_BLOCKS = YES;
				GCC_WARN_64_TO_32_BIT_CONVERSION = YES;
				GCC_WARN_ABOUT_RETURN_TYPE = YES_ERROR;
				GCC_WARN_UNDECLARED_SELECTOR = YES;
				GCC_WARN_UNINITIALIZED_AUTOS = YES_AGGRESSIVE;
				GCC_WARN_UNUSED_FUNCTION = YES;
				GCC_WARN_UNUSED_VARIABLE = YES;
				IPHONEOS_DEPLOYMENT_TARGET = 12.2;
				MTL_ENABLE_DEBUG_INFO = NO;
				MTL_FAST_MATH = YES;
				SDKROOT = iphoneos;
				VALIDATE_PRODUCT = YES;
			};
			name = Release;
		};
		33AAE46F22FE5D1B0022B5EF /* Debug */ = {
			isa = XCBuildConfiguration;
			buildSettings = {
				ASSETCATALOG_COMPILER_APPICON_NAME = AppIcon;
				CODE_SIGN_STYLE = Automatic;
				DEVELOPMENT_TEAM = N89X5HZX77;
				INFOPLIST_FILE = HqIMagePickerController/Info.plist;
				LD_RUNPATH_SEARCH_PATHS = (
					"$(inherited)",
					"@executable_path/Frameworks",
				);
				PRODUCT_BUNDLE_IDENTIFIER = com.hhq.HqIMagePickerController;
				PRODUCT_NAME = "$(TARGET_NAME)";
				TARGETED_DEVICE_FAMILY = "1,2";
			};
			name = Debug;
		};
		33AAE47022FE5D1B0022B5EF /* Release */ = {
			isa = XCBuildConfiguration;
			buildSettings = {
				ASSETCATALOG_COMPILER_APPICON_NAME = AppIcon;
				CODE_SIGN_STYLE = Automatic;
				DEVELOPMENT_TEAM = N89X5HZX77;
				INFOPLIST_FILE = HqIMagePickerController/Info.plist;
				LD_RUNPATH_SEARCH_PATHS = (
					"$(inherited)",
					"@executable_path/Frameworks",
				);
				PRODUCT_BUNDLE_IDENTIFIER = com.hhq.HqIMagePickerController;
				PRODUCT_NAME = "$(TARGET_NAME)";
				TARGETED_DEVICE_FAMILY = "1,2";
			};
			name = Release;
		};
/* End XCBuildConfiguration section */

/* Begin XCConfigurationList section */
		33AAE45322FE5D180022B5EF /* Build configuration list for PBXProject "HqIMagePickerController" */ = {
			isa = XCConfigurationList;
			buildConfigurations = (
				33AAE46C22FE5D1B0022B5EF /* Debug */,
				33AAE46D22FE5D1B0022B5EF /* Release */,
			);
			defaultConfigurationIsVisible = 0;
			defaultConfigurationName = Release;
		};
		33AAE46E22FE5D1B0022B5EF /* Build configuration list for PBXNativeTarget "HqIMagePickerController" */ = {
			isa = XCConfigurationList;
			buildConfigurations = (
				33AAE46F22FE5D1B0022B5EF /* Debug */,
				33AAE47022FE5D1B0022B5EF /* Release */,
			);
			defaultConfigurationIsVisible = 0;
			defaultConfigurationName = Release;
		};
/* End XCConfigurationList section */
	};
	rootObject = 33AAE45022FE5D180022B5EF /* Project object */;
}
